
Microsoft Visual Studio Solution File, Format Version 12.00
Project("{2150E333-8FDC-42A3-9474-1A3956D46DE8}") = "Project 6 - Assembler", "Project 6 - Assembler", "{C822C2C9-6CBB-4D3F-A0E4-561A1432C533}"
ProjectSection(SolutionItems) = preProject
	Project 6 - Assembler\Readme.md = Project 6 - Assembler\Readme.md
EndProjectSection
EndProject
Project("{8BC9CEB8-8B4A-11D0-8D11-00A0C91BC942}") = "API", "Project 6 - Assembler\API\API.vcxproj", "{01243917-9CDE-4C12-83D4-F41929B6CC75}"
EndProject
Project("{8BC9CEB8-8B4A-11D0-8D11-00A0C91BC942}") = "Assembler", "Project 6 - Assembler\Assembler\Assembler.vcxproj", "{5A823DB7-F35B-468B-B6B4-EA3F82483A03}"
EndProject
Project("{8BC9CEB8-8B4A-11D0-8D11-00A0C91BC942}") = "HackPlatform", "Project 6 - Assembler\HackPlatform\HackPlatform.vcxproj", "{42DAB291-1699-48CC-BB2C-FAAC1A957638}"
EndProject
Project("{8BC9CEB8-8B4A-11D0-8D11-00A0C91BC942}") = "AssemblerTests", "Project 6 - Assembler\AssemblerTests\AssemblerTests.vcxproj", "{85B70589-8BBA-48A1-8533-F20800042247}"
EndProject
Global
	GlobalSection(SolutionConfigurationPlatforms) = preSolution
		Debug|Any CPU = Debug|Any CPU
		Release|Any CPU = Release|Any CPU
	EndGlobalSection
	GlobalSection(NestedProjects) = preSolution
		{01243917-9CDE-4C12-83D4-F41929B6CC75} = {C822C2C9-6CBB-4D3F-A0E4-561A1432C533}
		{5A823DB7-F35B-468B-B6B4-EA3F82483A03} = {C822C2C9-6CBB-4D3F-A0E4-561A1432C533}
		{42DAB291-1699-48CC-BB2C-FAAC1A957638} = {C822C2C9-6CBB-4D3F-A0E4-561A1432C533}
		{85B70589-8BBA-48A1-8533-F20800042247} = {C822C2C9-6CBB-4D3F-A0E4-561A1432C533}
	EndGlobalSection
	GlobalSection(ProjectConfigurationPlatforms) = postSolution
		{01243917-9CDE-4C12-83D4-F41929B6CC75}.Debug|Any CPU.ActiveCfg = Debug|Win32
		{01243917-9CDE-4C12-83D4-F41929B6CC75}.Debug|Any CPU.Build.0 = Debug|Win32
		{01243917-9CDE-4C12-83D4-F41929B6CC75}.Release|Any CPU.ActiveCfg = Release|Win32
		{01243917-9CDE-4C12-83D4-F41929B6CC75}.Release|Any CPU.Build.0 = Release|Win32
		{5A823DB7-F35B-468B-B6B4-EA3F82483A03}.Debug|Any CPU.ActiveCfg = Debug|Win32
		{5A823DB7-F35B-468B-B6B4-EA3F82483A03}.Debug|Any CPU.Build.0 = Debug|Win32
		{5A823DB7-F35B-468B-B6B4-EA3F82483A03}.Release|Any CPU.ActiveCfg = Release|Win32
		{5A823DB7-F35B-468B-B6B4-EA3F82483A03}.Release|Any CPU.Build.0 = Release|Win32
		{42DAB291-1699-48CC-BB2C-FAAC1A957638}.Debug|Any CPU.ActiveCfg = Debug|Win32
		{42DAB291-1699-48CC-BB2C-FAAC1A957638}.Debug|Any CPU.Build.0 = Debug|Win32
		{42DAB291-1699-48CC-BB2C-FAAC1A957638}.Release|Any CPU.ActiveCfg = Release|Win32
		{42DAB291-1699-48CC-BB2C-FAAC1A957638}.Release|Any CPU.Build.0 = Release|Win32
		{85B70589-8BBA-48A1-8533-F20800042247}.Debug|Any CPU.ActiveCfg = Debug|Win32
		{85B70589-8BBA-48A1-8533-F20800042247}.Debug|Any CPU.Build.0 = Debug|Win32
		{85B70589-8BBA-48A1-8533-F20800042247}.Release|Any CPU.ActiveCfg = Release|Win32
		{85B70589-8BBA-48A1-8533-F20800042247}.Release|Any CPU.Build.0 = Release|Win32
	EndGlobalSection
EndGlobal
